{
  "name": "hannah",
  "version": "0.0.0",
  "lockfileVersion": 1,
  "dependencies": {
    "bindings": {
      "version": "1.2.1",
      "resolved": "http://registry.npm.taobao.org/bindings/download/bindings-1.2.1.tgz",
      "integrity": "sha1-FK1hE4EtLTfXLme0ystLtyZQXxE=",
      "optional": true
    },
    "dombo": {
      "version": "3.2.0",
      "resolved": "http://registry.npm.taobao.org/dombo/download/dombo-3.2.0.tgz",
      "integrity": "sha1-C+GKjxbegncHabulPf2tM9fQ3mg="
    },
    "electron-drag": {
      "version": "1.2.0",
      "resolved": "http://registry.npm.taobao.org/electron-drag/download/electron-drag-1.2.0.tgz",
      "integrity": "sha1-t9U+WSKTem1H9LPZUdvCSxFoCH4="
    },
    "nan": {
      "version": "2.6.2",
      "resolved": "http://registry.npm.taobao.org/nan/download/nan-2.6.2.tgz",
      "integrity": "sha1-5P805slf37WuzAjeZZb0NgWn20U=",
      "optional": true
    },
    "osx-mouse": {
      "version": "1.2.1",
      "resolved": "http://registry.npm.taobao.org/osx-mouse/download/osx-mouse-1.2.1.tgz",
      "integrity": "sha1-zN1Nvv0yk8vE+3cwHqsTfL4ayFw=",
      "optional": true
    },
    "try-require": {
      "version": "1.2.1",
      "resolved": "http://registry.npm.taobao.org/try-require/download/try-require-1.2.1.tgz",
      "integrity": "sha1-NEiaLKwMCcHMEO2RugEVlNQzO+I="
    },
    "win-mouse": {
      "version": "1.1.1",
      "resolved": "http://registry.npm.taobao.org/win-mouse/download/win-mouse-1.1.1.tgz",
      "integrity": "sha1-ye4Tjwtehhfa6K4ss11aLOvF5EI="
    }
  }
}
